
Microsoft Visual Studio Solution File, Format Version 12.00
# Visual Studio 15
VisualStudioVersion = 15.0.28010.2019
MinimumVisualStudioVersion = 10.0.40219.1
Project("{888888A0-9F3D-457C-B088-3A5042F75D52}") = "Лаба 1", "Лаба 1.pyproj", "{B3C62DFF-CEFD-4057-8B62-90DBC477F66C}"
EndProject
Global
	GlobalSection(SolutionConfigurationPlatforms) = preSolution
		Debug|Any CPU = Debug|Any CPU
		Release|Any CPU = Release|Any CPU
	EndGlobalSection
	GlobalSection(ProjectConfigurationPlatforms) = postSolution
		{B3C62DFF-CEFD-4057-8B62-90DBC477F66C}.Debug|Any CPU.ActiveCfg = Debug|Any CPU
		{B3C62DFF-CEFD-4057-8B62-90DBC477F66C}.Release|Any CPU.ActiveCfg = Release|Any CPU
	EndGlobalSection
	GlobalSection(SolutionProperties) = preSolution
		HideSolutionNode = FALSE
	EndGlobalSection
	GlobalSection(ExtensibilityGlobals) = postSolution
		SolutionGuid = {6D607632-E8C2-41A2-8693-18ED4D1394F7}
	EndGlobalSection
EndGlobal
